
Microsoft Visual Studio Solution File, Format Version 12.00
# Visual Studio Version 17
VisualStudioVersion = 17.14.36221.1
MinimumVisualStudioVersion = 10.0.40219.1
Project("{2150E333-8FDC-42A3-9474-1A3956D46DE8}") = "src", "src", "{02EA681E-C7D8-13C7-8484-4AC65E1B71E8}"
EndProject
Project("{FAE04EC0-301F-11D3-BF4B-00C04F79EFBC}") = "Movie.API", "Movie.API\Movie.API.csproj", "{5C2A1F0B-0D58-45BE-BD57-E1217F516806}"
EndProject
Project("{FAE04EC0-301F-11D3-BF4B-00C04F79EFBC}") = "Movie.Core", "Movie.Core\Movie.Core.csproj", "{2CA54A5D-E5AB-4B04-B8E8-CA6BBA6FCAA2}"
EndProject
Project("{FAE04EC0-301F-11D3-BF4B-00C04F79EFBC}") = "Movie.Presentation", "Movie.Presentation\Movie.Presentation.csproj", "{624E41D1-3CA5-4B02-AF14-4D9CA1F82C82}"
EndProject
Project("{FAE04EC0-301F-11D3-BF4B-00C04F79EFBC}") = "Movie.Services", "Movie.Services\Movie.Services.csproj", "{B3A7990E-D06F-4830-B6B3-CD3DC4BF5CCF}"
EndProject
Project("{FAE04EC0-301F-11D3-BF4B-00C04F79EFBC}") = "Movie.Contracts", "Movie.Contracts\Movie.Contracts.csproj", "{AB7FEABF-A905-4550-B135-B6BC23D4E61F}"
EndProject
Project("{FAE04EC0-301F-11D3-BF4B-00C04F79EFBC}") = "Movie.Data", "Movie.Data\Movie.Data.csproj", "{1E6EA287-352E-4E93-8EE2-365929ABF706}"
EndProject
Global
	GlobalSection(SolutionConfigurationPlatforms) = preSolution
		Debug|Any CPU = Debug|Any CPU
		Release|Any CPU = Release|Any CPU
	EndGlobalSection
	GlobalSection(ProjectConfigurationPlatforms) = postSolution
		{5C2A1F0B-0D58-45BE-BD57-E1217F516806}.Debug|Any CPU.ActiveCfg = Debug|Any CPU
		{5C2A1F0B-0D58-45BE-BD57-E1217F516806}.Debug|Any CPU.Build.0 = Debug|Any CPU
		{5C2A1F0B-0D58-45BE-BD57-E1217F516806}.Release|Any CPU.ActiveCfg = Release|Any CPU
		{5C2A1F0B-0D58-45BE-BD57-E1217F516806}.Release|Any CPU.Build.0 = Release|Any CPU
		{2CA54A5D-E5AB-4B04-B8E8-CA6BBA6FCAA2}.Debug|Any CPU.ActiveCfg = Debug|Any CPU
		{2CA54A5D-E5AB-4B04-B8E8-CA6BBA6FCAA2}.Debug|Any CPU.Build.0 = Debug|Any CPU
		{2CA54A5D-E5AB-4B04-B8E8-CA6BBA6FCAA2}.Release|Any CPU.ActiveCfg = Release|Any CPU
		{2CA54A5D-E5AB-4B04-B8E8-CA6BBA6FCAA2}.Release|Any CPU.Build.0 = Release|Any CPU
		{624E41D1-3CA5-4B02-AF14-4D9CA1F82C82}.Debug|Any CPU.ActiveCfg = Debug|Any CPU
		{624E41D1-3CA5-4B02-AF14-4D9CA1F82C82}.Debug|Any CPU.Build.0 = Debug|Any CPU
		{624E41D1-3CA5-4B02-AF14-4D9CA1F82C82}.Release|Any CPU.ActiveCfg = Release|Any CPU
		{624E41D1-3CA5-4B02-AF14-4D9CA1F82C82}.Release|Any CPU.Build.0 = Release|Any CPU
		{B3A7990E-D06F-4830-B6B3-CD3DC4BF5CCF}.Debug|Any CPU.ActiveCfg = Debug|Any CPU
		{B3A7990E-D06F-4830-B6B3-CD3DC4BF5CCF}.Debug|Any CPU.Build.0 = Debug|Any CPU
		{B3A7990E-D06F-4830-B6B3-CD3DC4BF5CCF}.Release|Any CPU.ActiveCfg = Release|Any CPU
		{B3A7990E-D06F-4830-B6B3-CD3DC4BF5CCF}.Release|Any CPU.Build.0 = Release|Any CPU
		{AB7FEABF-A905-4550-B135-B6BC23D4E61F}.Debug|Any CPU.ActiveCfg = Debug|Any CPU
		{AB7FEABF-A905-4550-B135-B6BC23D4E61F}.Debug|Any CPU.Build.0 = Debug|Any CPU
		{AB7FEABF-A905-4550-B135-B6BC23D4E61F}.Release|Any CPU.ActiveCfg = Release|Any CPU
		{AB7FEABF-A905-4550-B135-B6BC23D4E61F}.Release|Any CPU.Build.0 = Release|Any CPU
		{1E6EA287-352E-4E93-8EE2-365929ABF706}.Debug|Any CPU.ActiveCfg = Debug|Any CPU
		{1E6EA287-352E-4E93-8EE2-365929ABF706}.Debug|Any CPU.Build.0 = Debug|Any CPU
		{1E6EA287-352E-4E93-8EE2-365929ABF706}.Release|Any CPU.ActiveCfg = Release|Any CPU
		{1E6EA287-352E-4E93-8EE2-365929ABF706}.Release|Any CPU.Build.0 = Release|Any CPU
	EndGlobalSection
	GlobalSection(SolutionProperties) = preSolution
		HideSolutionNode = FALSE
	EndGlobalSection
	GlobalSection(NestedProjects) = preSolution
		{5C2A1F0B-0D58-45BE-BD57-E1217F516806} = {02EA681E-C7D8-13C7-8484-4AC65E1B71E8}
		{2CA54A5D-E5AB-4B04-B8E8-CA6BBA6FCAA2} = {02EA681E-C7D8-13C7-8484-4AC65E1B71E8}
		{624E41D1-3CA5-4B02-AF14-4D9CA1F82C82} = {02EA681E-C7D8-13C7-8484-4AC65E1B71E8}
		{B3A7990E-D06F-4830-B6B3-CD3DC4BF5CCF} = {02EA681E-C7D8-13C7-8484-4AC65E1B71E8}
		{AB7FEABF-A905-4550-B135-B6BC23D4E61F} = {02EA681E-C7D8-13C7-8484-4AC65E1B71E8}
		{1E6EA287-352E-4E93-8EE2-365929ABF706} = {02EA681E-C7D8-13C7-8484-4AC65E1B71E8}
	EndGlobalSection
	GlobalSection(ExtensibilityGlobals) = postSolution
		SolutionGuid = {02A5C14B-7A3F-46B0-8F0B-5D0E09919031}
	EndGlobalSection
EndGlobal
